// !$*UTF8*$!
{
	archiveVersion = 1;
	classes = {
	};
	objectVersion = 56;
	objects = {

/* Begin PBXBuildFile section */
		1D30EB192B0C3156006C1588 /* AppDelegate.swift in Sources */ = {isa = PBXBuildFile; fileRef = 1D30EB182B0C3156006C1588 /* AppDelegate.swift */; };
		1D30EB1B2B0C3156006C1588 /* SceneDelegate.swift in Sources */ = {isa = PBXBuildFile; fileRef = 1D30EB1A2B0C3156006C1588 /* SceneDelegate.swift */; };
		1D30EB1D2B0C3156006C1588 /* ViewController.swift in Sources */ = {isa = PBXBuildFile; fileRef = 1D30EB1C2B0C3156006C1588 /* ViewController.swift */; };
		1D30EB202B0C3156006C1588 /* Main.storyboard in Resources */ = {isa = PBXBuildFile; fileRef = 1D30EB1E2B0C3156006C1588 /* Main.storyboard */; };
		1D30EB222B0C3157006C1588 /* Assets.xcassets in Resources */ = {isa = PBXBuildFile; fileRef = 1D30EB212B0C3157006C1588 /* Assets.xcassets */; };
		1D30EB252B0C3157006C1588 /* LaunchScreen.storyboard in Resources */ = {isa = PBXBuildFile; fileRef = 1D30EB232B0C3157006C1588 /* LaunchScreen.storyboard */; };
		1D30EB2F2B0C4264006C1588 /* Modal.swift in Sources */ = {isa = PBXBuildFile; fileRef = 1D30EB2E2B0C4264006C1588 /* Modal.swift */; };
		1D30EB352B0C7557006C1588 /* Bills.swift in Sources */ = {isa = PBXBuildFile; fileRef = 1D30EB342B0C7557006C1588 /* Bills.swift */; };
		1D30EB372B0C7C23006C1588 /* fetchBill.swift in Sources */ = {isa = PBXBuildFile; fileRef = 1D30EB362B0C7C23006C1588 /* fetchBill.swift */; };
		1D30EB632B0E40CD006C1588 /* ModalTableView.swift in Sources */ = {isa = PBXBuildFile; fileRef = 1D30EB622B0E40CD006C1588 /* ModalTableView.swift */; };
		1D44C6352B1025C000884C24 /* DetailView.swift in Sources */ = {isa = PBXBuildFile; fileRef = 1D44C6342B1025C000884C24 /* DetailView.swift */; };
		1D44C63B2B1061FE00884C24 /* .gitignore in Resources */ = {isa = PBXBuildFile; fileRef = 1D44C63A2B1061FE00884C24 /* .gitignore */; };
/* End PBXBuildFile section */

/* Begin PBXFileReference section */
		1D30EB152B0C3156006C1588 /* TodayBill.app */ = {isa = PBXFileReference; explicitFileType = wrapper.application; includeInIndex = 0; path = TodayBill.app; sourceTree = BUILT_PRODUCTS_DIR; };
		1D30EB182B0C3156006C1588 /* AppDelegate.swift */ = {isa = PBXFileReference; lastKnownFileType = sourcecode.swift; path = AppDelegate.swift; sourceTree = "<group>"; };
		1D30EB1A2B0C3156006C1588 /* SceneDelegate.swift */ = {isa = PBXFileReference; lastKnownFileType = sourcecode.swift; path = SceneDelegate.swift; sourceTree = "<group>"; };
		1D30EB1C2B0C3156006C1588 /* ViewController.swift */ = {isa = PBXFileReference; lastKnownFileType = sourcecode.swift; path = ViewController.swift; sourceTree = "<group>"; };
		1D30EB1F2B0C3156006C1588 /* Base */ = {isa = PBXFileReference; lastKnownFileType = file.storyboard; name = Base; path = Base.lproj/Main.storyboard; sourceTree = "<group>"; };
		1D30EB212B0C3157006C1588 /* Assets.xcassets */ = {isa = PBXFileReference; lastKnownFileType = folder.assetcatalog; path = Assets.xcassets; sourceTree = "<group>"; };
		1D30EB242B0C3157006C1588 /* Base */ = {isa = PBXFileReference; lastKnownFileType = file.storyboard; name = Base; path = Base.lproj/LaunchScreen.storyboard; sourceTree = "<group>"; };
		1D30EB262B0C3157006C1588 /* Info.plist */ = {isa = PBXFileReference; lastKnownFileType = text.plist.xml; path = Info.plist; sourceTree = "<group>"; };
		1D30EB2C2B0C3B52006C1588 /* ko */ = {isa = PBXFileReference; lastKnownFileType = text.plist.strings; name = ko; path = ko.lproj/Main.strings; sourceTree = "<group>"; };
		1D30EB2D2B0C3B52006C1588 /* ko */ = {isa = PBXFileReference; lastKnownFileType = text.plist.strings; name = ko; path = ko.lproj/LaunchScreen.strings; sourceTree = "<group>"; };
		1D30EB2E2B0C4264006C1588 /* Modal.swift */ = {isa = PBXFileReference; lastKnownFileType = sourcecode.swift; path = Modal.swift; sourceTree = "<group>"; };
		1D30EB342B0C7557006C1588 /* Bills.swift */ = {isa = PBXFileReference; lastKnownFileType = sourcecode.swift; path = Bills.swift; sourceTree = "<group>"; };
		1D30EB362B0C7C23006C1588 /* fetchBill.swift */ = {isa = PBXFileReference; lastKnownFileType = sourcecode.swift; path = fetchBill.swift; sourceTree = "<group>"; };
		1D30EB622B0E40CD006C1588 /* ModalTableView.swift */ = {isa = PBXFileReference; lastKnownFileType = sourcecode.swift; path = ModalTableView.swift; sourceTree = "<group>"; };
		1D44C6342B1025C000884C24 /* DetailView.swift */ = {isa = PBXFileReference; lastKnownFileType = sourcecode.swift; path = DetailView.swift; sourceTree = "<group>"; };
		1D44C63A2B1061FE00884C24 /* .gitignore */ = {isa = PBXFileReference; lastKnownFileType = text; path = .gitignore; sourceTree = "<group>"; };
/* End PBXFileReference section */

/* Begin PBXFrameworksBuildPhase section */
		1D30EB122B0C3156006C1588 /* Frameworks */ = {
			isa = PBXFrameworksBuildPhase;
			buildActionMask = 2147483647;
			files = (
			);
			runOnlyForDeploymentPostprocessing = 0;
		};
/* End PBXFrameworksBuildPhase section */

/* Begin PBXGroup section */
		1D30EB0C2B0C3156006C1588 = {
			isa = PBXGroup;
			children = (
				1D44C63A2B1061FE00884C24 /* .gitignore */,
				1D30EB172B0C3156006C1588 /* TodayBill */,
				1D30EB162B0C3156006C1588 /* Products */,
			);
			sourceTree = "<group>";
		};
		1D30EB162B0C3156006C1588 /* Products */ = {
			isa = PBXGroup;
			children = (
				1D30EB152B0C3156006C1588 /* TodayBill.app */,
			);
			name = Products;
			sourceTree = "<group>";
		};
		1D30EB172B0C3156006C1588 /* TodayBill */ = {
			isa = PBXGroup;
			children = (
				1D30EB182B0C3156006C1588 /* AppDelegate.swift */,
				1D30EB1A2B0C3156006C1588 /* SceneDelegate.swift */,
				1D30EB1C2B0C3156006C1588 /* ViewController.swift */,
				1D30EB342B0C7557006C1588 /* Bills.swift */,
				1D44C6342B1025C000884C24 /* DetailView.swift */,
				1D30EB2E2B0C4264006C1588 /* Modal.swift */,
				1D30EB622B0E40CD006C1588 /* ModalTableView.swift */,
				1D30EB362B0C7C23006C1588 /* fetchBill.swift */,
				1D30EB1E2B0C3156006C1588 /* Main.storyboard */,
				1D30EB212B0C3157006C1588 /* Assets.xcassets */,
				1D30EB232B0C3157006C1588 /* LaunchScreen.storyboard */,
				1D30EB262B0C3157006C1588 /* Info.plist */,
			);
			path = TodayBill;
			sourceTree = "<group>";
		};
/* End PBXGroup section */

/* Begin PBXNativeTarget section */
		1D30EB142B0C3156006C1588 /* TodayBill */ = {
			isa = PBXNativeTarget;
			buildConfigurationList = 1D30EB292B0C3157006C1588 /* Build configuration list for PBXNativeTarget "TodayBill" */;
			buildPhases = (
				1D30EB112B0C3156006C1588 /* Sources */,
				1D30EB122B0C3156006C1588 /* Frameworks */,
				1D30EB132B0C3156006C1588 /* Resources */,
			);
			buildRules = (
			);
			dependencies = (
			);
			name = TodayBill;
			productName = TodayBill;
			productReference = 1D30EB152B0C3156006C1588 /* TodayBill.app */;
			productType = "com.apple.product-type.application";
		};
/* End PBXNativeTarget section */

/* Begin PBXProject section */
		1D30EB0D2B0C3156006C1588 /* Project object */ = {
			isa = PBXProject;
			attributes = {
				BuildIndependentTargetsInParallel = 1;
				LastSwiftUpdateCheck = 1500;
				LastUpgradeCheck = 1500;
				TargetAttributes = {
					1D30EB142B0C3156006C1588 = {
						CreatedOnToolsVersion = 15.0;
					};
				};
			};
			buildConfigurationList = 1D30EB102B0C3156006C1588 /* Build configuration list for PBXProject "TodayBill" */;
			compatibilityVersion = "Xcode 14.0";
			developmentRegion = ko;
			hasScannedForEncodings = 0;
			knownRegions = (
				Base,
				ko,
			);
			mainGroup = 1D30EB0C2B0C3156006C1588;
			productRefGroup = 1D30EB162B0C3156006C1588 /* Products */;
			projectDirPath = "";
			projectRoot = "";
			targets = (
				1D30EB142B0C3156006C1588 /* TodayBill */,
			);
		};
/* End PBXProject section */

/* Begin PBXResourcesBuildPhase section */
		1D30EB132B0C3156006C1588 /* Resources */ = {
			isa = PBXResourcesBuildPhase;
			buildActionMask = 2147483647;
			files = (
				1D44C63B2B1061FE00884C24 /* .gitignore in Resources */,
				1D30EB252B0C3157006C1588 /* LaunchScreen.storyboard in Resources */,
				1D30EB222B0C3157006C1588 /* Assets.xcassets in Resources */,
				1D30EB202B0C3156006C1588 /* Main.storyboard in Resources */,
			);
			runOnlyForDeploymentPostprocessing = 0;
		};
/* End PBXResourcesBuildPhase section */

/* Begin PBXSourcesBuildPhase section */
		1D30EB112B0C3156006C1588 /* Sources */ = {
			isa = PBXSourcesBuildPhase;
			buildActionMask = 2147483647;
			files = (
				1D30EB1D2B0C3156006C1588 /* ViewController.swift in Sources */,
				1D44C6352B1025C000884C24 /* DetailView.swift in Sources */,
				1D30EB352B0C7557006C1588 /* Bills.swift in Sources */,
				1D30EB192B0C3156006C1588 /* AppDelegate.swift in Sources */,
				1D30EB1B2B0C3156006C1588 /* SceneDelegate.swift in Sources */,
				1D30EB632B0E40CD006C1588 /* ModalTableView.swift in Sources */,
				1D30EB2F2B0C4264006C1588 /* Modal.swift in Sources */,
				1D30EB372B0C7C23006C1588 /* fetchBill.swift in Sources */,
			);
			runOnlyForDeploymentPostprocessing = 0;
		};
/* End PBXSourcesBuildPhase section */

/* Begin PBXVariantGroup section */
		1D30EB1E2B0C3156006C1588 /* Main.storyboard */ = {
			isa = PBXVariantGroup;
			children = (
				1D30EB1F2B0C3156006C1588 /* Base */,
				1D30EB2C2B0C3B52006C1588 /* ko */,
			);
			name = Main.storyboard;
			sourceTree = "<group>";
		};
		1D30EB232B0C3157006C1588 /* LaunchScreen.storyboard */ = {
			isa = PBXVariantGroup;
			children = (
				1D30EB242B0C3157006C1588 /* Base */,
				1D30EB2D2B0C3B52006C1588 /* ko */,
			);
			name = LaunchScreen.storyboard;
			sourceTree = "<group>";
		};
/* End PBXVariantGroup section */

/* Begin XCBuildConfiguration section */
		1D30EB272B0C3157006C1588 /* Debug */ = {
			isa = XCBuildConfiguration;
			buildSettings = {
				ALWAYS_SEARCH_USER_PATHS = NO;
				ASSETCATALOG_COMPILER_GENERATE_SWIFT_ASSET_SYMBOL_EXTENSIONS = YES;
				CLANG_ANALYZER_LOCALIZABILITY_NONLOCALIZED = YES;
				CLANG_ANALYZER_NONNULL = YES;
				CLANG_ANALYZER_NUMBER_OBJECT_CONVERSION = YES_AGGRESSIVE;
				CLANG_CXX_LANGUAGE_STANDARD = "gnu++20";
				CLANG_ENABLE_MODULES = YES;
				CLANG_ENABLE_OBJC_ARC = YES;
				CLANG_ENABLE_OBJC_WEAK = YES;
				CLANG_WARN_BLOCK_CAPTURE_AUTORELEASING = YES;
				CLANG_WARN_BOOL_CONVERSION = YES;
				CLANG_WARN_COMMA = YES;
				CLANG_WARN_CONSTANT_CONVERSION = YES;
				CLANG_WARN_DEPRECATED_OBJC_IMPLEMENTATIONS = YES;
				CLANG_WARN_DIRECT_OBJC_ISA_USAGE = YES_ERROR;
				CLANG_WARN_DOCUMENTATION_COMMENTS = YES;
				CLANG_WARN_EMPTY_BODY = YES;
				CLANG_WARN_ENUM_CONVERSION = YES;
				CLANG_WARN_INFINITE_RECURSION = YES;
				CLANG_WARN_INT_CONVERSION = YES;
				CLANG_WARN_NON_LITERAL_NULL_CONVERSION = YES;
				CLANG_WARN_OBJC_IMPLICIT_RETAIN_SELF = YES;
				CLANG_WARN_OBJC_LITERAL_CONVERSION = YES;
				CLANG_WARN_OBJC_ROOT_CLASS = YES_ERROR;
				CLANG_WARN_QUOTED_INCLUDE_IN_FRAMEWORK_HEADER = YES;
				CLANG_WARN_RANGE_LOOP_ANALYSIS = YES;
				CLANG_WARN_STRICT_PROTOTYPES = YES;
				CLANG_WARN_SUSPICIOUS_MOVE = YES;
				CLANG_WARN_UNGUARDED_AVAILABILITY = YES_AGGRESSIVE;
				CLANG_WARN_UNREACHABLE_CODE = YES;
				CLANG_WARN__DUPLICATE_METHOD_MATCH = YES;
				COPY_PHASE_STRIP = NO;
				DEBUG_INFORMATION_FORMAT = dwarf;
				ENABLE_STRICT_OBJC_MSGSEND = YES;
				ENABLE_TESTABILITY = YES;
				ENABLE_USER_SCRIPT_SANDBOXING = YES;
				GCC_C_LANGUAGE_STANDARD = gnu17;
				GCC_DYNAMIC_NO_PIC = NO;
				GCC_NO_COMMON_BLOCKS = YES;
				GCC_OPTIMIZATION_LEVEL = 0;
				GCC_PREPROCESSOR_DEFINITIONS = (
					"DEBUG=1",
					"$(inherited)",
				);
				GCC_WARN_64_TO_32_BIT_CONVERSION = YES;
				GCC_WARN_ABOUT_RETURN_TYPE = YES_ERROR;
				GCC_WARN_UNDECLARED_SELECTOR = YES;
				GCC_WARN_UNINITIALIZED_AUTOS = YES_AGGRESSIVE;
				GCC_WARN_UNUSED_FUNCTION = YES;
				GCC_WARN_UNUSED_VARIABLE = YES;
				IPHONEOS_DEPLOYMENT_TARGET = 16.4;
				LOCALIZATION_PREFERS_STRING_CATALOGS = YES;
				MTL_ENABLE_DEBUG_INFO = INCLUDE_SOURCE;
				MTL_FAST_MATH = YES;
				ONLY_ACTIVE_ARCH = YES;
				SDKROOT = iphoneos;
				SWIFT_ACTIVE_COMPILATION_CONDITIONS = "DEBUG $(inherited)";
				SWIFT_OPTIMIZATION_LEVEL = "-Onone";
			};
			name = Debug;
		};
		1D30EB282B0C3157006C1588 /* Release */ = {
			isa = XCBuildConfiguration;
			buildSettings = {
				ALWAYS_SEARCH_USER_PATHS = NO;
				ASSETCATALOG_COMPILER_GENERATE_SWIFT_ASSET_SYMBOL_EXTENSIONS = YES;
				CLANG_ANALYZER_LOCALIZABILITY_NONLOCALIZED = YES;
				CLANG_ANALYZER_NONNULL = YES;
				CLANG_ANALYZER_NUMBER_OBJECT_CONVERSION = YES_AGGRESSIVE;
				CLANG_CXX_LANGUAGE_STANDARD = "gnu++20";
				CLANG_ENABLE_MODULES = YES;
				CLANG_ENABLE_OBJC_ARC = YES;
				CLANG_ENABLE_OBJC_WEAK = YES;
				CLANG_WARN_BLOCK_CAPTURE_AUTORELEASING = YES;
				CLANG_WARN_BOOL_CONVERSION = YES;
				CLANG_WARN_COMMA = YES;
				CLANG_WARN_CONSTANT_CONVERSION = YES;
				CLANG_WARN_DEPRECATED_OBJC_IMPLEMENTATIONS = YES;
				CLANG_WARN_DIRECT_OBJC_ISA_USAGE = YES_ERROR;
				CLANG_WARN_DOCUMENTATION_COMMENTS = YES;
				CLANG_WARN_EMPTY_BODY = YES;
				CLANG_WARN_ENUM_CONVERSION = YES;
				CLANG_WARN_INFINITE_RECURSION = YES;
				CLANG_WARN_INT_CONVERSION = YES;
				CLANG_WARN_NON_LITERAL_NULL_CONVERSION = YES;
				CLANG_WARN_OBJC_IMPLICIT_RETAIN_SELF = YES;
				CLANG_WARN_OBJC_LITERAL_CONVERSION = YES;
				CLANG_WARN_OBJC_ROOT_CLASS = YES_ERROR;
				CLANG_WARN_QUOTED_INCLUDE_IN_FRAMEWORK_HEADER = YES;
				CLANG_WARN_RANGE_LOOP_ANALYSIS = YES;
				CLANG_WARN_STRICT_PROTOTYPES = YES;
				CLANG_WARN_SUSPICIOUS_MOVE = YES;
				CLANG_WARN_UNGUARDED_AVAILABILITY = YES_AGGRESSIVE;
				CLANG_WARN_UNREACHABLE_CODE = YES;
				CLANG_WARN__DUPLICATE_METHOD_MATCH = YES;
				COPY_PHASE_STRIP = NO;
				DEBUG_INFORMATION_FORMAT = "dwarf-with-dsym";
				ENABLE_NS_ASSERTIONS = NO;
				ENABLE_STRICT_OBJC_MSGSEND = YES;
				ENABLE_USER_SCRIPT_SANDBOXING = YES;
				GCC_C_LANGUAGE_STANDARD = gnu17;
				GCC_NO_COMMON_BLOCKS = YES;
				GCC_WARN_64_TO_32_BIT_CONVERSION = YES;
				GCC_WARN_ABOUT_RETURN_TYPE = YES_ERROR;
				GCC_WARN_UNDECLARED_SELECTOR = YES;
				GCC_WARN_UNINITIALIZED_AUTOS = YES_AGGRESSIVE;
				GCC_WARN_UNUSED_FUNCTION = YES;
				GCC_WARN_UNUSED_VARIABLE = YES;
				IPHONEOS_DEPLOYMENT_TARGET = 16.4;
				LOCALIZATION_PREFERS_STRING_CATALOGS = YES;
				MTL_ENABLE_DEBUG_INFO = NO;
				MTL_FAST_MATH = YES;
				SDKROOT = iphoneos;
				SWIFT_COMPILATION_MODE = wholemodule;
				VALIDATE_PRODUCT = YES;
			};
			name = Release;
		};
		1D30EB2A2B0C3157006C1588 /* Debug */ = {
			isa = XCBuildConfiguration;
			buildSettings = {
				ASSETCATALOG_COMPILER_APPICON_NAME = AppIcon;
				ASSETCATALOG_COMPILER_GLOBAL_ACCENT_COLOR_NAME = AccentColor;
				CODE_SIGN_STYLE = Automatic;
				CURRENT_PROJECT_VERSION = 1;
				DEVELOPMENT_TEAM = 6763324T69;
				GENERATE_INFOPLIST_FILE = YES;
				INFOPLIST_FILE = TodayBill/Info.plist;
				INFOPLIST_KEY_UIApplicationSupportsIndirectInputEvents = YES;
				INFOPLIST_KEY_UILaunchStoryboardName = LaunchScreen;
				INFOPLIST_KEY_UIMainStoryboardFile = Main;
				INFOPLIST_KEY_UISupportedInterfaceOrientations_iPad = "UIInterfaceOrientationPortrait UIInterfaceOrientationPortraitUpsideDown UIInterfaceOrientationLandscapeLeft UIInterfaceOrientationLandscapeRight";
				INFOPLIST_KEY_UISupportedInterfaceOrientations_iPhone = "UIInterfaceOrientationPortrait UIInterfaceOrientationLandscapeLeft UIInterfaceOrientationLandscapeRight";
				IPHONEOS_DEPLOYMENT_TARGET = 16.4;
				LD_RUNPATH_SEARCH_PATHS = (
					"$(inherited)",
					"@executable_path/Frameworks",
				);
				MARKETING_VERSION = 1.0;
				PRODUCT_BUNDLE_IDENTIFIER = Test.TodayBill;
				PRODUCT_NAME = "$(TARGET_NAME)";
				SWIFT_EMIT_LOC_STRINGS = YES;
				SWIFT_VERSION = 5.0;
				TARGETED_DEVICE_FAMILY = "1,2";
			};
			name = Debug;
		};
		1D30EB2B2B0C3157006C1588 /* Release */ = {
			isa = XCBuildConfiguration;
			buildSettings = {
				ASSETCATALOG_COMPILER_APPICON_NAME = AppIcon;
				ASSETCATALOG_COMPILER_GLOBAL_ACCENT_COLOR_NAME = AccentColor;
				CODE_SIGN_STYLE = Automatic;
				CURRENT_PROJECT_VERSION = 1;
				DEVELOPMENT_TEAM = 6763324T69;
				GENERATE_INFOPLIST_FILE = YES;
				INFOPLIST_FILE = TodayBill/Info.plist;
				INFOPLIST_KEY_UIApplicationSupportsIndirectInputEvents = YES;
				INFOPLIST_KEY_UILaunchStoryboardName = LaunchScreen;
				INFOPLIST_KEY_UIMainStoryboardFile = Main;
				INFOPLIST_KEY_UISupportedInterfaceOrientations_iPad = "UIInterfaceOrientationPortrait UIInterfaceOrientationPortraitUpsideDown UIInterfaceOrientationLandscapeLeft UIInterfaceOrientationLandscapeRight";
				INFOPLIST_KEY_UISupportedInterfaceOrientations_iPhone = "UIInterfaceOrientationPortrait UIInterfaceOrientationLandscapeLeft UIInterfaceOrientationLandscapeRight";
				IPHONEOS_DEPLOYMENT_TARGET = 16.4;
				LD_RUNPATH_SEARCH_PATHS = (
					"$(inherited)",
					"@executable_path/Frameworks",
				);
				MARKETING_VERSION = 1.0;
				PRODUCT_BUNDLE_IDENTIFIER = Test.TodayBill;
				PRODUCT_NAME = "$(TARGET_NAME)";
				SWIFT_EMIT_LOC_STRINGS = YES;
				SWIFT_VERSION = 5.0;
				TARGETED_DEVICE_FAMILY = "1,2";
			};
			name = Release;
		};
/* End XCBuildConfiguration section */

/* Begin XCConfigurationList section */
		1D30EB102B0C3156006C1588 /* Build configuration list for PBXProject "TodayBill" */ = {
			isa = XCConfigurationList;
			buildConfigurations = (
				1D30EB272B0C3157006C1588 /* Debug */,
				1D30EB282B0C3157006C1588 /* Release */,
			);
			defaultConfigurationIsVisible = 0;
			defaultConfigurationName = Release;
		};
		1D30EB292B0C3157006C1588 /* Build configuration list for PBXNativeTarget "TodayBill" */ = {
			isa = XCConfigurationList;
			buildConfigurations = (
				1D30EB2A2B0C3157006C1588 /* Debug */,
				1D30EB2B2B0C3157006C1588 /* Release */,
			);
			defaultConfigurationIsVisible = 0;
			defaultConfigurationName = Release;
		};
/* End XCConfigurationList section */
	};
	rootObject = 1D30EB0D2B0C3156006C1588 /* Project object */;
}
